
Microsoft Visual Studio Solution File, Format Version 12.00
# Visual Studio Version 16
VisualStudioVersion = 16.0.30517.126
MinimumVisualStudioVersion = 10.0.40219.1
Project("{9A19103F-16F7-4668-BE54-9A1E7A4F7556}") = "Temp.UI", "Temp.UI\Temp.UI.csproj", "{7812C8CC-EE5D-49FF-9CF6-4A9019C376F1}"
EndProject
Project("{9A19103F-16F7-4668-BE54-9A1E7A4F7556}") = "Temp.Domain", "Temp.Domain\Temp.Domain.csproj", "{EC33EC32-9E37-4F86-A2C4-14968F3A2AF9}"
EndProject
Project("{9A19103F-16F7-4668-BE54-9A1E7A4F7556}") = "Temp.Database", "Temp.Database\Temp.Database.csproj", "{99514A95-1E60-4F64-BFFC-F51673C138AC}"
EndProject
Project("{9A19103F-16F7-4668-BE54-9A1E7A4F7556}") = "Temp.Application", "Temp.Application\Temp.Application.csproj", "{8637FC83-5213-4848-A77C-72C3E15EEA93}"
EndProject
Project("{2150E333-8FDC-42A3-9474-1A3956D46DE8}") = "Tests", "Tests", "{8933A97D-0FB5-4936-BCD1-3108504BCBCE}"
EndProject
Project("{2150E333-8FDC-42A3-9474-1A3956D46DE8}") = "Src", "Src", "{171724C4-F280-497C-8492-C45D33735A86}"
EndProject
Project("{FAE04EC0-301F-11D3-BF4B-00C04F79EFBC}") = "Application.UnitTests", "Application.UnitTests\Application.UnitTests.csproj", "{D2DCAA27-83A5-4436-8E79-E8EE83F68197}"
EndProject
Global
	GlobalSection(SolutionConfigurationPlatforms) = preSolution
		Debug|Any CPU = Debug|Any CPU
		Release|Any CPU = Release|Any CPU
	EndGlobalSection
	GlobalSection(ProjectConfigurationPlatforms) = postSolution
		{7812C8CC-EE5D-49FF-9CF6-4A9019C376F1}.Debug|Any CPU.ActiveCfg = Debug|Any CPU
		{7812C8CC-EE5D-49FF-9CF6-4A9019C376F1}.Debug|Any CPU.Build.0 = Debug|Any CPU
		{7812C8CC-EE5D-49FF-9CF6-4A9019C376F1}.Release|Any CPU.ActiveCfg = Release|Any CPU
		{7812C8CC-EE5D-49FF-9CF6-4A9019C376F1}.Release|Any CPU.Build.0 = Release|Any CPU
		{EC33EC32-9E37-4F86-A2C4-14968F3A2AF9}.Debug|Any CPU.ActiveCfg = Debug|Any CPU
		{EC33EC32-9E37-4F86-A2C4-14968F3A2AF9}.Debug|Any CPU.Build.0 = Debug|Any CPU
		{EC33EC32-9E37-4F86-A2C4-14968F3A2AF9}.Release|Any CPU.ActiveCfg = Release|Any CPU
		{EC33EC32-9E37-4F86-A2C4-14968F3A2AF9}.Release|Any CPU.Build.0 = Release|Any CPU
		{99514A95-1E60-4F64-BFFC-F51673C138AC}.Debug|Any CPU.ActiveCfg = Debug|Any CPU
		{99514A95-1E60-4F64-BFFC-F51673C138AC}.Debug|Any CPU.Build.0 = Debug|Any CPU
		{99514A95-1E60-4F64-BFFC-F51673C138AC}.Release|Any CPU.ActiveCfg = Release|Any CPU
		{99514A95-1E60-4F64-BFFC-F51673C138AC}.Release|Any CPU.Build.0 = Release|Any CPU
		{8637FC83-5213-4848-A77C-72C3E15EEA93}.Debug|Any CPU.ActiveCfg = Debug|Any CPU
		{8637FC83-5213-4848-A77C-72C3E15EEA93}.Debug|Any CPU.Build.0 = Debug|Any CPU
		{8637FC83-5213-4848-A77C-72C3E15EEA93}.Release|Any CPU.ActiveCfg = Release|Any CPU
		{8637FC83-5213-4848-A77C-72C3E15EEA93}.Release|Any CPU.Build.0 = Release|Any CPU
		{D2DCAA27-83A5-4436-8E79-E8EE83F68197}.Debug|Any CPU.ActiveCfg = Debug|Any CPU
		{D2DCAA27-83A5-4436-8E79-E8EE83F68197}.Debug|Any CPU.Build.0 = Debug|Any CPU
		{D2DCAA27-83A5-4436-8E79-E8EE83F68197}.Release|Any CPU.ActiveCfg = Release|Any CPU
		{D2DCAA27-83A5-4436-8E79-E8EE83F68197}.Release|Any CPU.Build.0 = Release|Any CPU
	EndGlobalSection
	GlobalSection(SolutionProperties) = preSolution
		HideSolutionNode = FALSE
	EndGlobalSection
	GlobalSection(NestedProjects) = preSolution
		{7812C8CC-EE5D-49FF-9CF6-4A9019C376F1} = {171724C4-F280-497C-8492-C45D33735A86}
		{EC33EC32-9E37-4F86-A2C4-14968F3A2AF9} = {171724C4-F280-497C-8492-C45D33735A86}
		{99514A95-1E60-4F64-BFFC-F51673C138AC} = {171724C4-F280-497C-8492-C45D33735A86}
		{8637FC83-5213-4848-A77C-72C3E15EEA93} = {171724C4-F280-497C-8492-C45D33735A86}
		{D2DCAA27-83A5-4436-8E79-E8EE83F68197} = {8933A97D-0FB5-4936-BCD1-3108504BCBCE}
	EndGlobalSection
	GlobalSection(ExtensibilityGlobals) = postSolution
		SolutionGuid = {0981D757-B5F9-4C86-A932-44E9DB272055}
	EndGlobalSection
EndGlobal
